// !$*UTF8*$!
{
	archiveVersion = 1;
	classes = {
	};
	objectVersion = 56;
	objects = {

/* Begin PBXBuildFile section */
		D959923229257F22006BE1CD /* SearchBar.swift in Sources */ = {isa = PBXBuildFile; fileRef = D959923129257F22006BE1CD /* SearchBar.swift */; };
		D9B856B629261D0E007FA8D0 /* DiscountBannerView.swift in Sources */ = {isa = PBXBuildFile; fileRef = D9B856B529261D0E007FA8D0 /* DiscountBannerView.swift */; };
		D9E4A1712926C9B8001ED553 /* Components.swift in Sources */ = {isa = PBXBuildFile; fileRef = D9E4A1702926C9B8001ED553 /* Components.swift */; };
		D9E4A1732926D37D001ED553 /* CategoriesCarouselView.swift in Sources */ = {isa = PBXBuildFile; fileRef = D9E4A1722926D37D001ED553 /* CategoriesCarouselView.swift */; };
		D9E4A1752926D3D2001ED553 /* CategoriesCardView.swift in Sources */ = {isa = PBXBuildFile; fileRef = D9E4A1742926D3D2001ED553 /* CategoriesCardView.swift */; };
		D9E944AA2927776B00619E4B /* Categories.swift in Sources */ = {isa = PBXBuildFile; fileRef = D9E944A92927776B00619E4B /* Categories.swift */; };
		D9ECFD742926C90F00C78A98 /* CategoriesView.swift in Sources */ = {isa = PBXBuildFile; fileRef = D9ECFD732926C90F00C78A98 /* CategoriesView.swift */; };
		D9EFE8B4292570CF005F721D /* FoodoroApp.swift in Sources */ = {isa = PBXBuildFile; fileRef = D9EFE8B3292570CF005F721D /* FoodoroApp.swift */; };
		D9EFE8B6292570CF005F721D /* HomeView.swift in Sources */ = {isa = PBXBuildFile; fileRef = D9EFE8B5292570CF005F721D /* HomeView.swift */; };
		D9EFE8B8292570D0005F721D /* Assets.xcassets in Resources */ = {isa = PBXBuildFile; fileRef = D9EFE8B7292570D0005F721D /* Assets.xcassets */; };
		D9EFE8BB292570D0005F721D /* Preview Assets.xcassets in Resources */ = {isa = PBXBuildFile; fileRef = D9EFE8BA292570D0005F721D /* Preview Assets.xcassets */; };
		D9EFE8C6292571AA005F721D /* HeaderView.swift in Sources */ = {isa = PBXBuildFile; fileRef = D9EFE8C5292571AA005F721D /* HeaderView.swift */; };
/* End PBXBuildFile section */

/* Begin PBXFileReference section */
		D959923129257F22006BE1CD /* SearchBar.swift */ = {isa = PBXFileReference; lastKnownFileType = sourcecode.swift; path = SearchBar.swift; sourceTree = "<group>"; };
		D9B856B529261D0E007FA8D0 /* DiscountBannerView.swift */ = {isa = PBXFileReference; lastKnownFileType = sourcecode.swift; path = DiscountBannerView.swift; sourceTree = "<group>"; };
		D9E4A1702926C9B8001ED553 /* Components.swift */ = {isa = PBXFileReference; lastKnownFileType = sourcecode.swift; path = Components.swift; sourceTree = "<group>"; };
		D9E4A1722926D37D001ED553 /* CategoriesCarouselView.swift */ = {isa = PBXFileReference; lastKnownFileType = sourcecode.swift; path = CategoriesCarouselView.swift; sourceTree = "<group>"; };
		D9E4A1742926D3D2001ED553 /* CategoriesCardView.swift */ = {isa = PBXFileReference; lastKnownFileType = sourcecode.swift; path = CategoriesCardView.swift; sourceTree = "<group>"; };
		D9E944A92927776B00619E4B /* Categories.swift */ = {isa = PBXFileReference; lastKnownFileType = sourcecode.swift; path = Categories.swift; sourceTree = "<group>"; };
		D9ECFD732926C90F00C78A98 /* CategoriesView.swift */ = {isa = PBXFileReference; lastKnownFileType = sourcecode.swift; path = CategoriesView.swift; sourceTree = "<group>"; };
		D9EFE8B0292570CF005F721D /* Foodoro.app */ = {isa = PBXFileReference; explicitFileType = wrapper.application; includeInIndex = 0; path = Foodoro.app; sourceTree = BUILT_PRODUCTS_DIR; };
		D9EFE8B3292570CF005F721D /* FoodoroApp.swift */ = {isa = PBXFileReference; lastKnownFileType = sourcecode.swift; path = FoodoroApp.swift; sourceTree = "<group>"; };
		D9EFE8B5292570CF005F721D /* HomeView.swift */ = {isa = PBXFileReference; lastKnownFileType = sourcecode.swift; path = HomeView.swift; sourceTree = "<group>"; };
		D9EFE8B7292570D0005F721D /* Assets.xcassets */ = {isa = PBXFileReference; lastKnownFileType = folder.assetcatalog; path = Assets.xcassets; sourceTree = "<group>"; };
		D9EFE8BA292570D0005F721D /* Preview Assets.xcassets */ = {isa = PBXFileReference; lastKnownFileType = folder.assetcatalog; path = "Preview Assets.xcassets"; sourceTree = "<group>"; };
		D9EFE8C5292571AA005F721D /* HeaderView.swift */ = {isa = PBXFileReference; lastKnownFileType = sourcecode.swift; path = HeaderView.swift; sourceTree = "<group>"; };
/* End PBXFileReference section */

/* Begin PBXFrameworksBuildPhase section */
		D9EFE8AD292570CF005F721D /* Frameworks */ = {
			isa = PBXFrameworksBuildPhase;
			buildActionMask = 2147483647;
			files = (
			);
			runOnlyForDeploymentPostprocessing = 0;
		};
/* End PBXFrameworksBuildPhase section */

/* Begin PBXGroup section */
		D9E4A16F2926C9A5001ED553 /* Extensions */ = {
			isa = PBXGroup;
			children = (
				D9E4A1702926C9B8001ED553 /* Components.swift */,
			);
			path = Extensions;
			sourceTree = "<group>";
		};
		D9EFE8A7292570CF005F721D = {
			isa = PBXGroup;
			children = (
				D9EFE8B2292570CF005F721D /* Foodoro */,
				D9EFE8B1292570CF005F721D /* Products */,
			);
			sourceTree = "<group>";
		};
		D9EFE8B1292570CF005F721D /* Products */ = {
			isa = PBXGroup;
			children = (
				D9EFE8B0292570CF005F721D /* Foodoro.app */,
			);
			name = Products;
			sourceTree = "<group>";
		};
		D9EFE8B2292570CF005F721D /* Foodoro */ = {
			isa = PBXGroup;
			children = (
				D9E4A16F2926C9A5001ED553 /* Extensions */,
				D9EFE8C32925713C005F721D /* App */,
				D9EFE8C229257133005F721D /* Views */,
				D9EFE8C12925712C005F721D /* Models */,
				D9EFE8B7292570D0005F721D /* Assets.xcassets */,
				D9EFE8B9292570D0005F721D /* Preview Content */,
			);
			path = Foodoro;
			sourceTree = "<group>";
		};
		D9EFE8B9292570D0005F721D /* Preview Content */ = {
			isa = PBXGroup;
			children = (
				D9EFE8BA292570D0005F721D /* Preview Assets.xcassets */,
			);
			path = "Preview Content";
			sourceTree = "<group>";
		};
		D9EFE8C12925712C005F721D /* Models */ = {
			isa = PBXGroup;
			children = (
				D9E944A92927776B00619E4B /* Categories.swift */,
			);
			path = Models;
			sourceTree = "<group>";
		};
		D9EFE8C229257133005F721D /* Views */ = {
			isa = PBXGroup;
			children = (
				D9EFE8C429257197005F721D /* Home */,
			);
			path = Views;
			sourceTree = "<group>";
		};
		D9EFE8C32925713C005F721D /* App */ = {
			isa = PBXGroup;
			children = (
				D9EFE8B3292570CF005F721D /* FoodoroApp.swift */,
			);
			path = App;
			sourceTree = "<group>";
		};
		D9EFE8C429257197005F721D /* Home */ = {
			isa = PBXGroup;
			children = (
				D9EFE8B5292570CF005F721D /* HomeView.swift */,
				D9EFE8C5292571AA005F721D /* HeaderView.swift */,
				D959923129257F22006BE1CD /* SearchBar.swift */,
				D9B856B529261D0E007FA8D0 /* DiscountBannerView.swift */,
				D9ECFD732926C90F00C78A98 /* CategoriesView.swift */,
				D9E4A1722926D37D001ED553 /* CategoriesCarouselView.swift */,
				D9E4A1742926D3D2001ED553 /* CategoriesCardView.swift */,
			);
			path = Home;
			sourceTree = "<group>";
		};
/* End PBXGroup section */

/* Begin PBXNativeTarget section */
		D9EFE8AF292570CF005F721D /* Foodoro */ = {
			isa = PBXNativeTarget;
			buildConfigurationList = D9EFE8BE292570D0005F721D /* Build configuration list for PBXNativeTarget "Foodoro" */;
			buildPhases = (
				D9EFE8AC292570CF005F721D /* Sources */,
				D9EFE8AD292570CF005F721D /* Frameworks */,
				D9EFE8AE292570CF005F721D /* Resources */,
			);
			buildRules = (
			);
			dependencies = (
			);
			name = Foodoro;
			productName = Foodoro;
			productReference = D9EFE8B0292570CF005F721D /* Foodoro.app */;
			productType = "com.apple.product-type.application";
		};
/* End PBXNativeTarget section */

/* Begin PBXProject section */
		D9EFE8A8292570CF005F721D /* Project object */ = {
			isa = PBXProject;
			attributes = {
				BuildIndependentTargetsInParallel = 1;
				LastSwiftUpdateCheck = 1410;
				LastUpgradeCheck = 1410;
				TargetAttributes = {
					D9EFE8AF292570CF005F721D = {
						CreatedOnToolsVersion = 14.1;
					};
				};
			};
			buildConfigurationList = D9EFE8AB292570CF005F721D /* Build configuration list for PBXProject "Foodoro" */;
			compatibilityVersion = "Xcode 14.0";
			developmentRegion = en;
			hasScannedForEncodings = 0;
			knownRegions = (
				en,
				Base,
			);
			mainGroup = D9EFE8A7292570CF005F721D;
			productRefGroup = D9EFE8B1292570CF005F721D /* Products */;
			projectDirPath = "";
			projectRoot = "";
			targets = (
				D9EFE8AF292570CF005F721D /* Foodoro */,
			);
		};
/* End PBXProject section */

/* Begin PBXResourcesBuildPhase section */
		D9EFE8AE292570CF005F721D /* Resources */ = {
			isa = PBXResourcesBuildPhase;
			buildActionMask = 2147483647;
			files = (
				D9EFE8BB292570D0005F721D /* Preview Assets.xcassets in Resources */,
				D9EFE8B8292570D0005F721D /* Assets.xcassets in Resources */,
			);
			runOnlyForDeploymentPostprocessing = 0;
		};
/* End PBXResourcesBuildPhase section */

/* Begin PBXSourcesBuildPhase section */
		D9EFE8AC292570CF005F721D /* Sources */ = {
			isa = PBXSourcesBuildPhase;
			buildActionMask = 2147483647;
			files = (
				D9EFE8B6292570CF005F721D /* HomeView.swift in Sources */,
				D959923229257F22006BE1CD /* SearchBar.swift in Sources */,
				D9ECFD742926C90F00C78A98 /* CategoriesView.swift in Sources */,
				D9E4A1752926D3D2001ED553 /* CategoriesCardView.swift in Sources */,
				D9E4A1712926C9B8001ED553 /* Components.swift in Sources */,
				D9B856B629261D0E007FA8D0 /* DiscountBannerView.swift in Sources */,
				D9EFE8C6292571AA005F721D /* HeaderView.swift in Sources */,
				D9E944AA2927776B00619E4B /* Categories.swift in Sources */,
				D9E4A1732926D37D001ED553 /* CategoriesCarouselView.swift in Sources */,
				D9EFE8B4292570CF005F721D /* FoodoroApp.swift in Sources */,
			);
			runOnlyForDeploymentPostprocessing = 0;
		};
/* End PBXSourcesBuildPhase section */

/* Begin XCBuildConfiguration section */
		D9EFE8BC292570D0005F721D /* Debug */ = {
			isa = XCBuildConfiguration;
			buildSettings = {
				ALWAYS_SEARCH_USER_PATHS = NO;
				CLANG_ANALYZER_NONNULL = YES;
				CLANG_ANALYZER_NUMBER_OBJECT_CONVERSION = YES_AGGRESSIVE;
				CLANG_CXX_LANGUAGE_STANDARD = "gnu++20";
				CLANG_ENABLE_MODULES = YES;
				CLANG_ENABLE_OBJC_ARC = YES;
				CLANG_ENABLE_OBJC_WEAK = YES;
				CLANG_WARN_BLOCK_CAPTURE_AUTORELEASING = YES;
				CLANG_WARN_BOOL_CONVERSION = YES;
				CLANG_WARN_COMMA = YES;
				CLANG_WARN_CONSTANT_CONVERSION = YES;
				CLANG_WARN_DEPRECATED_OBJC_IMPLEMENTATIONS = YES;
				CLANG_WARN_DIRECT_OBJC_ISA_USAGE = YES_ERROR;
				CLANG_WARN_DOCUMENTATION_COMMENTS = YES;
				CLANG_WARN_EMPTY_BODY = YES;
				CLANG_WARN_ENUM_CONVERSION = YES;
				CLANG_WARN_INFINITE_RECURSION = YES;
				CLANG_WARN_INT_CONVERSION = YES;
				CLANG_WARN_NON_LITERAL_NULL_CONVERSION = YES;
				CLANG_WARN_OBJC_IMPLICIT_RETAIN_SELF = YES;
				CLANG_WARN_OBJC_LITERAL_CONVERSION = YES;
				CLANG_WARN_OBJC_ROOT_CLASS = YES_ERROR;
				CLANG_WARN_QUOTED_INCLUDE_IN_FRAMEWORK_HEADER = YES;
				CLANG_WARN_RANGE_LOOP_ANALYSIS = YES;
				CLANG_WARN_STRICT_PROTOTYPES = YES;
				CLANG_WARN_SUSPICIOUS_MOVE = YES;
				CLANG_WARN_UNGUARDED_AVAILABILITY = YES_AGGRESSIVE;
				CLANG_WARN_UNREACHABLE_CODE = YES;
				CLANG_WARN__DUPLICATE_METHOD_MATCH = YES;
				COPY_PHASE_STRIP = NO;
				DEBUG_INFORMATION_FORMAT = dwarf;
				ENABLE_STRICT_OBJC_MSGSEND = YES;
				ENABLE_TESTABILITY = YES;
				GCC_C_LANGUAGE_STANDARD = gnu11;
				GCC_DYNAMIC_NO_PIC = NO;
				GCC_NO_COMMON_BLOCKS = YES;
				GCC_OPTIMIZATION_LEVEL = 0;
				GCC_PREPROCESSOR_DEFINITIONS = (
					"DEBUG=1",
					"$(inherited)",
				);
				GCC_WARN_64_TO_32_BIT_CONVERSION = YES;
				GCC_WARN_ABOUT_RETURN_TYPE = YES_ERROR;
				GCC_WARN_UNDECLARED_SELECTOR = YES;
				GCC_WARN_UNINITIALIZED_AUTOS = YES_AGGRESSIVE;
				GCC_WARN_UNUSED_FUNCTION = YES;
				GCC_WARN_UNUSED_VARIABLE = YES;
				IPHONEOS_DEPLOYMENT_TARGET = 16.1;
				MTL_ENABLE_DEBUG_INFO = INCLUDE_SOURCE;
				MTL_FAST_MATH = YES;
				ONLY_ACTIVE_ARCH = YES;
				SDKROOT = iphoneos;
				SWIFT_ACTIVE_COMPILATION_CONDITIONS = DEBUG;
				SWIFT_OPTIMIZATION_LEVEL = "-Onone";
			};
			name = Debug;
		};
		D9EFE8BD292570D0005F721D /* Release */ = {
			isa = XCBuildConfiguration;
			buildSettings = {
				ALWAYS_SEARCH_USER_PATHS = NO;
				CLANG_ANALYZER_NONNULL = YES;
				CLANG_ANALYZER_NUMBER_OBJECT_CONVERSION = YES_AGGRESSIVE;
				CLANG_CXX_LANGUAGE_STANDARD = "gnu++20";
				CLANG_ENABLE_MODULES = YES;
				CLANG_ENABLE_OBJC_ARC = YES;
				CLANG_ENABLE_OBJC_WEAK = YES;
				CLANG_WARN_BLOCK_CAPTURE_AUTORELEASING = YES;
				CLANG_WARN_BOOL_CONVERSION = YES;
				CLANG_WARN_COMMA = YES;
				CLANG_WARN_CONSTANT_CONVERSION = YES;
				CLANG_WARN_DEPRECATED_OBJC_IMPLEMENTATIONS = YES;
				CLANG_WARN_DIRECT_OBJC_ISA_USAGE = YES_ERROR;
				CLANG_WARN_DOCUMENTATION_COMMENTS = YES;
				CLANG_WARN_EMPTY_BODY = YES;
				CLANG_WARN_ENUM_CONVERSION = YES;
				CLANG_WARN_INFINITE_RECURSION = YES;
				CLANG_WARN_INT_CONVERSION = YES;
				CLANG_WARN_NON_LITERAL_NULL_CONVERSION = YES;
				CLANG_WARN_OBJC_IMPLICIT_RETAIN_SELF = YES;
				CLANG_WARN_OBJC_LITERAL_CONVERSION = YES;
				CLANG_WARN_OBJC_ROOT_CLASS = YES_ERROR;
				CLANG_WARN_QUOTED_INCLUDE_IN_FRAMEWORK_HEADER = YES;
				CLANG_WARN_RANGE_LOOP_ANALYSIS = YES;
				CLANG_WARN_STRICT_PROTOTYPES = YES;
				CLANG_WARN_SUSPICIOUS_MOVE = YES;
				CLANG_WARN_UNGUARDED_AVAILABILITY = YES_AGGRESSIVE;
				CLANG_WARN_UNREACHABLE_CODE = YES;
				CLANG_WARN__DUPLICATE_METHOD_MATCH = YES;
				COPY_PHASE_STRIP = NO;
				DEBUG_INFORMATION_FORMAT = "dwarf-with-dsym";
				ENABLE_NS_ASSERTIONS = NO;
				ENABLE_STRICT_OBJC_MSGSEND = YES;
				GCC_C_LANGUAGE_STANDARD = gnu11;
				GCC_NO_COMMON_BLOCKS = YES;
				GCC_WARN_64_TO_32_BIT_CONVERSION = YES;
				GCC_WARN_ABOUT_RETURN_TYPE = YES_ERROR;
				GCC_WARN_UNDECLARED_SELECTOR = YES;
				GCC_WARN_UNINITIALIZED_AUTOS = YES_AGGRESSIVE;
				GCC_WARN_UNUSED_FUNCTION = YES;
				GCC_WARN_UNUSED_VARIABLE = YES;
				IPHONEOS_DEPLOYMENT_TARGET = 16.1;
				MTL_ENABLE_DEBUG_INFO = NO;
				MTL_FAST_MATH = YES;
				SDKROOT = iphoneos;
				SWIFT_COMPILATION_MODE = wholemodule;
				SWIFT_OPTIMIZATION_LEVEL = "-O";
				VALIDATE_PRODUCT = YES;
			};
			name = Release;
		};
		D9EFE8BF292570D0005F721D /* Debug */ = {
			isa = XCBuildConfiguration;
			buildSettings = {
				ASSETCATALOG_COMPILER_APPICON_NAME = AppIcon;
				ASSETCATALOG_COMPILER_GLOBAL_ACCENT_COLOR_NAME = AccentColor;
				CODE_SIGN_STYLE = Automatic;
				CURRENT_PROJECT_VERSION = 1;
				DEVELOPMENT_ASSET_PATHS = "\"Foodoro/Preview Content\"";
				DEVELOPMENT_TEAM = JKNGV2KZJ7;
				ENABLE_PREVIEWS = YES;
				GENERATE_INFOPLIST_FILE = YES;
				INFOPLIST_KEY_UIApplicationSceneManifest_Generation = YES;
				INFOPLIST_KEY_UIApplicationSupportsIndirectInputEvents = YES;
				INFOPLIST_KEY_UILaunchScreen_Generation = YES;
				INFOPLIST_KEY_UISupportedInterfaceOrientations_iPad = "UIInterfaceOrientationPortrait UIInterfaceOrientationPortraitUpsideDown UIInterfaceOrientationLandscapeLeft UIInterfaceOrientationLandscapeRight";
				INFOPLIST_KEY_UISupportedInterfaceOrientations_iPhone = "UIInterfaceOrientationPortrait UIInterfaceOrientationLandscapeLeft UIInterfaceOrientationLandscapeRight";
				LD_RUNPATH_SEARCH_PATHS = (
					"$(inherited)",
					"@executable_path/Frameworks",
				);
				MARKETING_VERSION = 1.0;
				PRODUCT_BUNDLE_IDENTIFIER = com.hugonocap.Foodoro;
				PRODUCT_NAME = "$(TARGET_NAME)";
				SWIFT_EMIT_LOC_STRINGS = YES;
				SWIFT_VERSION = 5.0;
				TARGETED_DEVICE_FAMILY = "1,2";
			};
			name = Debug;
		};
		D9EFE8C0292570D0005F721D /* Release */ = {
			isa = XCBuildConfiguration;
			buildSettings = {
				ASSETCATALOG_COMPILER_APPICON_NAME = AppIcon;
				ASSETCATALOG_COMPILER_GLOBAL_ACCENT_COLOR_NAME = AccentColor;
				CODE_SIGN_STYLE = Automatic;
				CURRENT_PROJECT_VERSION = 1;
				DEVELOPMENT_ASSET_PATHS = "\"Foodoro/Preview Content\"";
				DEVELOPMENT_TEAM = JKNGV2KZJ7;
				ENABLE_PREVIEWS = YES;
				GENERATE_INFOPLIST_FILE = YES;
				INFOPLIST_KEY_UIApplicationSceneManifest_Generation = YES;
				INFOPLIST_KEY_UIApplicationSupportsIndirectInputEvents = YES;
				INFOPLIST_KEY_UILaunchScreen_Generation = YES;
				INFOPLIST_KEY_UISupportedInterfaceOrientations_iPad = "UIInterfaceOrientationPortrait UIInterfaceOrientationPortraitUpsideDown UIInterfaceOrientationLandscapeLeft UIInterfaceOrientationLandscapeRight";
				INFOPLIST_KEY_UISupportedInterfaceOrientations_iPhone = "UIInterfaceOrientationPortrait UIInterfaceOrientationLandscapeLeft UIInterfaceOrientationLandscapeRight";
				LD_RUNPATH_SEARCH_PATHS = (
					"$(inherited)",
					"@executable_path/Frameworks",
				);
				MARKETING_VERSION = 1.0;
				PRODUCT_BUNDLE_IDENTIFIER = com.hugonocap.Foodoro;
				PRODUCT_NAME = "$(TARGET_NAME)";
				SWIFT_EMIT_LOC_STRINGS = YES;
				SWIFT_VERSION = 5.0;
				TARGETED_DEVICE_FAMILY = "1,2";
			};
			name = Release;
		};
/* End XCBuildConfiguration section */

/* Begin XCConfigurationList section */
		D9EFE8AB292570CF005F721D /* Build configuration list for PBXProject "Foodoro" */ = {
			isa = XCConfigurationList;
			buildConfigurations = (
				D9EFE8BC292570D0005F721D /* Debug */,
				D9EFE8BD292570D0005F721D /* Release */,
			);
			defaultConfigurationIsVisible = 0;
			defaultConfigurationName = Release;
		};
		D9EFE8BE292570D0005F721D /* Build configuration list for PBXNativeTarget "Foodoro" */ = {
			isa = XCConfigurationList;
			buildConfigurations = (
				D9EFE8BF292570D0005F721D /* Debug */,
				D9EFE8C0292570D0005F721D /* Release */,
			);
			defaultConfigurationIsVisible = 0;
			defaultConfigurationName = Release;
		};
/* End XCConfigurationList section */
	};
	rootObject = D9EFE8A8292570CF005F721D /* Project object */;
}
